// !$*UTF8*$!
{
	archiveVersion = 1;
	classes = {
	};
	objectVersion = 56;
	objects = {

/* Begin PBXBuildFile section */
		0BE9C29D2B3C842C00B1395D /* DigitalesWebApp.swift in Sources */ = {isa = PBXBuildFile; fileRef = 0BE9C29C2B3C842C00B1395D /* DigitalesWebApp.swift */; };
		0BE9C29F2B3C842C00B1395D /* ContentView.swift in Sources */ = {isa = PBXBuildFile; fileRef = 0BE9C29E2B3C842C00B1395D /* ContentView.swift */; };
		0BE9C2A12B3C842C00B1395D /* Item.swift in Sources */ = {isa = PBXBuildFile; fileRef = 0BE9C2A02B3C842C00B1395D /* Item.swift */; };
		0BE9C2A32B3C842F00B1395D /* Assets.xcassets in Resources */ = {isa = PBXBuildFile; fileRef = 0BE9C2A22B3C842F00B1395D /* Assets.xcassets */; };
		0BE9C2A62B3C842F00B1395D /* Preview Assets.xcassets in Resources */ = {isa = PBXBuildFile; fileRef = 0BE9C2A52B3C842F00B1395D /* Preview Assets.xcassets */; };
		0BE9C2B02B3C842F00B1395D /* DigitalesWebTests.swift in Sources */ = {isa = PBXBuildFile; fileRef = 0BE9C2AF2B3C842F00B1395D /* DigitalesWebTests.swift */; };
		0BE9C2BA2B3C842F00B1395D /* DigitalesWebUITests.swift in Sources */ = {isa = PBXBuildFile; fileRef = 0BE9C2B92B3C842F00B1395D /* DigitalesWebUITests.swift */; };
		0BE9C2BC2B3C842F00B1395D /* DigitalesWebUITestsLaunchTests.swift in Sources */ = {isa = PBXBuildFile; fileRef = 0BE9C2BB2B3C842F00B1395D /* DigitalesWebUITestsLaunchTests.swift */; };
/* End PBXBuildFile section */

/* Begin PBXContainerItemProxy section */
		0BE9C2AC2B3C842F00B1395D /* PBXContainerItemProxy */ = {
			isa = PBXContainerItemProxy;
			containerPortal = 0BE9C2912B3C842C00B1395D /* Project object */;
			proxyType = 1;
			remoteGlobalIDString = 0BE9C2982B3C842C00B1395D;
			remoteInfo = DigitalesWeb;
		};
		0BE9C2B62B3C842F00B1395D /* PBXContainerItemProxy */ = {
			isa = PBXContainerItemProxy;
			containerPortal = 0BE9C2912B3C842C00B1395D /* Project object */;
			proxyType = 1;
			remoteGlobalIDString = 0BE9C2982B3C842C00B1395D;
			remoteInfo = DigitalesWeb;
		};
/* End PBXContainerItemProxy section */

/* Begin PBXFileReference section */
		0BE9C2992B3C842C00B1395D /* DigitalesWeb.app */ = {isa = PBXFileReference; explicitFileType = wrapper.application; includeInIndex = 0; path = DigitalesWeb.app; sourceTree = BUILT_PRODUCTS_DIR; };
		0BE9C29C2B3C842C00B1395D /* DigitalesWebApp.swift */ = {isa = PBXFileReference; lastKnownFileType = sourcecode.swift; path = DigitalesWebApp.swift; sourceTree = "<group>"; };
		0BE9C29E2B3C842C00B1395D /* ContentView.swift */ = {isa = PBXFileReference; lastKnownFileType = sourcecode.swift; path = ContentView.swift; sourceTree = "<group>"; };
		0BE9C2A02B3C842C00B1395D /* Item.swift */ = {isa = PBXFileReference; lastKnownFileType = sourcecode.swift; path = Item.swift; sourceTree = "<group>"; };
		0BE9C2A22B3C842F00B1395D /* Assets.xcassets */ = {isa = PBXFileReference; lastKnownFileType = folder.assetcatalog; path = Assets.xcassets; sourceTree = "<group>"; };
		0BE9C2A52B3C842F00B1395D /* Preview Assets.xcassets */ = {isa = PBXFileReference; lastKnownFileType = folder.assetcatalog; path = "Preview Assets.xcassets"; sourceTree = "<group>"; };
		0BE9C2AB2B3C842F00B1395D /* DigitalesWebTests.xctest */ = {isa = PBXFileReference; explicitFileType = wrapper.cfbundle; includeInIndex = 0; path = DigitalesWebTests.xctest; sourceTree = BUILT_PRODUCTS_DIR; };
		0BE9C2AF2B3C842F00B1395D /* DigitalesWebTests.swift */ = {isa = PBXFileReference; lastKnownFileType = sourcecode.swift; path = DigitalesWebTests.swift; sourceTree = "<group>"; };
		0BE9C2B52B3C842F00B1395D /* DigitalesWebUITests.xctest */ = {isa = PBXFileReference; explicitFileType = wrapper.cfbundle; includeInIndex = 0; path = DigitalesWebUITests.xctest; sourceTree = BUILT_PRODUCTS_DIR; };
		0BE9C2B92B3C842F00B1395D /* DigitalesWebUITests.swift */ = {isa = PBXFileReference; lastKnownFileType = sourcecode.swift; path = DigitalesWebUITests.swift; sourceTree = "<group>"; };
		0BE9C2BB2B3C842F00B1395D /* DigitalesWebUITestsLaunchTests.swift */ = {isa = PBXFileReference; lastKnownFileType = sourcecode.swift; path = DigitalesWebUITestsLaunchTests.swift; sourceTree = "<group>"; };
/* End PBXFileReference section */

/* Begin PBXFrameworksBuildPhase section */
		0BE9C2962B3C842C00B1395D /* Frameworks */ = {
			isa = PBXFrameworksBuildPhase;
			buildActionMask = 2147483647;
			files = (
			);
			runOnlyForDeploymentPostprocessing = 0;
		};
		0BE9C2A82B3C842F00B1395D /* Frameworks */ = {
			isa = PBXFrameworksBuildPhase;
			buildActionMask = 2147483647;
			files = (
			);
			runOnlyForDeploymentPostprocessing = 0;
		};
		0BE9C2B22B3C842F00B1395D /* Frameworks */ = {
			isa = PBXFrameworksBuildPhase;
			buildActionMask = 2147483647;
			files = (
			);
			runOnlyForDeploymentPostprocessing = 0;
		};
/* End PBXFrameworksBuildPhase section */

/* Begin PBXGroup section */
		0BE9C2902B3C842C00B1395D = {
			isa = PBXGroup;
			children = (
				0BE9C29B2B3C842C00B1395D /* DigitalesWeb */,
				0BE9C2AE2B3C842F00B1395D /* DigitalesWebTests */,
				0BE9C2B82B3C842F00B1395D /* DigitalesWebUITests */,
				0BE9C29A2B3C842C00B1395D /* Products */,
			);
			sourceTree = "<group>";
		};
		0BE9C29A2B3C842C00B1395D /* Products */ = {
			isa = PBXGroup;
			children = (
				0BE9C2992B3C842C00B1395D /* DigitalesWeb.app */,
				0BE9C2AB2B3C842F00B1395D /* DigitalesWebTests.xctest */,
				0BE9C2B52B3C842F00B1395D /* DigitalesWebUITests.xctest */,
			);
			name = Products;
			sourceTree = "<group>";
		};
		0BE9C29B2B3C842C00B1395D /* DigitalesWeb */ = {
			isa = PBXGroup;
			children = (
				0BE9C29C2B3C842C00B1395D /* DigitalesWebApp.swift */,
				0BE9C29E2B3C842C00B1395D /* ContentView.swift */,
				0BE9C2A02B3C842C00B1395D /* Item.swift */,
				0BE9C2A22B3C842F00B1395D /* Assets.xcassets */,
				0BE9C2A42B3C842F00B1395D /* Preview Content */,
			);
			path = DigitalesWeb;
			sourceTree = "<group>";
		};
		0BE9C2A42B3C842F00B1395D /* Preview Content */ = {
			isa = PBXGroup;
			children = (
				0BE9C2A52B3C842F00B1395D /* Preview Assets.xcassets */,
			);
			path = "Preview Content";
			sourceTree = "<group>";
		};
		0BE9C2AE2B3C842F00B1395D /* DigitalesWebTests */ = {
			isa = PBXGroup;
			children = (
				0BE9C2AF2B3C842F00B1395D /* DigitalesWebTests.swift */,
			);
			path = DigitalesWebTests;
			sourceTree = "<group>";
		};
		0BE9C2B82B3C842F00B1395D /* DigitalesWebUITests */ = {
			isa = PBXGroup;
			children = (
				0BE9C2B92B3C842F00B1395D /* DigitalesWebUITests.swift */,
				0BE9C2BB2B3C842F00B1395D /* DigitalesWebUITestsLaunchTests.swift */,
			);
			path = DigitalesWebUITests;
			sourceTree = "<group>";
		};
/* End PBXGroup section */

/* Begin PBXNativeTarget section */
		0BE9C2982B3C842C00B1395D /* DigitalesWeb */ = {
			isa = PBXNativeTarget;
			buildConfigurationList = 0BE9C2BF2B3C842F00B1395D /* Build configuration list for PBXNativeTarget "DigitalesWeb" */;
			buildPhases = (
				0BE9C2952B3C842C00B1395D /* Sources */,
				0BE9C2962B3C842C00B1395D /* Frameworks */,
				0BE9C2972B3C842C00B1395D /* Resources */,
			);
			buildRules = (
			);
			dependencies = (
			);
			name = DigitalesWeb;
			productName = DigitalesWeb;
			productReference = 0BE9C2992B3C842C00B1395D /* DigitalesWeb.app */;
			productType = "com.apple.product-type.application";
		};
		0BE9C2AA2B3C842F00B1395D /* DigitalesWebTests */ = {
			isa = PBXNativeTarget;
			buildConfigurationList = 0BE9C2C22B3C842F00B1395D /* Build configuration list for PBXNativeTarget "DigitalesWebTests" */;
			buildPhases = (
				0BE9C2A72B3C842F00B1395D /* Sources */,
				0BE9C2A82B3C842F00B1395D /* Frameworks */,
				0BE9C2A92B3C842F00B1395D /* Resources */,
			);
			buildRules = (
			);
			dependencies = (
				0BE9C2AD2B3C842F00B1395D /* PBXTargetDependency */,
			);
			name = DigitalesWebTests;
			productName = DigitalesWebTests;
			productReference = 0BE9C2AB2B3C842F00B1395D /* DigitalesWebTests.xctest */;
			productType = "com.apple.product-type.bundle.unit-test";
		};
		0BE9C2B42B3C842F00B1395D /* DigitalesWebUITests */ = {
			isa = PBXNativeTarget;
			buildConfigurationList = 0BE9C2C52B3C842F00B1395D /* Build configuration list for PBXNativeTarget "DigitalesWebUITests" */;
			buildPhases = (
				0BE9C2B12B3C842F00B1395D /* Sources */,
				0BE9C2B22B3C842F00B1395D /* Frameworks */,
				0BE9C2B32B3C842F00B1395D /* Resources */,
			);
			buildRules = (
			);
			dependencies = (
				0BE9C2B72B3C842F00B1395D /* PBXTargetDependency */,
			);
			name = DigitalesWebUITests;
			productName = DigitalesWebUITests;
			productReference = 0BE9C2B52B3C842F00B1395D /* DigitalesWebUITests.xctest */;
			productType = "com.apple.product-type.bundle.ui-testing";
		};
/* End PBXNativeTarget section */

/* Begin PBXProject section */
		0BE9C2912B3C842C00B1395D /* Project object */ = {
			isa = PBXProject;
			attributes = {
				BuildIndependentTargetsInParallel = 1;
				LastSwiftUpdateCheck = 1510;
				LastUpgradeCheck = 1510;
				TargetAttributes = {
					0BE9C2982B3C842C00B1395D = {
						CreatedOnToolsVersion = 15.1;
					};
					0BE9C2AA2B3C842F00B1395D = {
						CreatedOnToolsVersion = 15.1;
						TestTargetID = 0BE9C2982B3C842C00B1395D;
					};
					0BE9C2B42B3C842F00B1395D = {
						CreatedOnToolsVersion = 15.1;
						TestTargetID = 0BE9C2982B3C842C00B1395D;
					};
				};
			};
			buildConfigurationList = 0BE9C2942B3C842C00B1395D /* Build configuration list for PBXProject "DigitalesWeb" */;
			compatibilityVersion = "Xcode 14.0";
			developmentRegion = en;
			hasScannedForEncodings = 0;
			knownRegions = (
				en,
				Base,
			);
			mainGroup = 0BE9C2902B3C842C00B1395D;
			productRefGroup = 0BE9C29A2B3C842C00B1395D /* Products */;
			projectDirPath = "";
			projectRoot = "";
			targets = (
				0BE9C2982B3C842C00B1395D /* DigitalesWeb */,
				0BE9C2AA2B3C842F00B1395D /* DigitalesWebTests */,
				0BE9C2B42B3C842F00B1395D /* DigitalesWebUITests */,
			);
		};
/* End PBXProject section */

/* Begin PBXResourcesBuildPhase section */
		0BE9C2972B3C842C00B1395D /* Resources */ = {
			isa = PBXResourcesBuildPhase;
			buildActionMask = 2147483647;
			files = (
				0BE9C2A62B3C842F00B1395D /* Preview Assets.xcassets in Resources */,
				0BE9C2A32B3C842F00B1395D /* Assets.xcassets in Resources */,
			);
			runOnlyForDeploymentPostprocessing = 0;
		};
		0BE9C2A92B3C842F00B1395D /* Resources */ = {
			isa = PBXResourcesBuildPhase;
			buildActionMask = 2147483647;
			files = (
			);
			runOnlyForDeploymentPostprocessing = 0;
		};
		0BE9C2B32B3C842F00B1395D /* Resources */ = {
			isa = PBXResourcesBuildPhase;
			buildActionMask = 2147483647;
			files = (
			);
			runOnlyForDeploymentPostprocessing = 0;
		};
/* End PBXResourcesBuildPhase section */

/* Begin PBXSourcesBuildPhase section */
		0BE9C2952B3C842C00B1395D /* Sources */ = {
			isa = PBXSourcesBuildPhase;
			buildActionMask = 2147483647;
			files = (
				0BE9C29F2B3C842C00B1395D /* ContentView.swift in Sources */,
				0BE9C2A12B3C842C00B1395D /* Item.swift in Sources */,
				0BE9C29D2B3C842C00B1395D /* DigitalesWebApp.swift in Sources */,
			);
			runOnlyForDeploymentPostprocessing = 0;
		};
		0BE9C2A72B3C842F00B1395D /* Sources */ = {
			isa = PBXSourcesBuildPhase;
			buildActionMask = 2147483647;
			files = (
				0BE9C2B02B3C842F00B1395D /* DigitalesWebTests.swift in Sources */,
			);
			runOnlyForDeploymentPostprocessing = 0;
		};
		0BE9C2B12B3C842F00B1395D /* Sources */ = {
			isa = PBXSourcesBuildPhase;
			buildActionMask = 2147483647;
			files = (
				0BE9C2BC2B3C842F00B1395D /* DigitalesWebUITestsLaunchTests.swift in Sources */,
				0BE9C2BA2B3C842F00B1395D /* DigitalesWebUITests.swift in Sources */,
			);
			runOnlyForDeploymentPostprocessing = 0;
		};
/* End PBXSourcesBuildPhase section */

/* Begin PBXTargetDependency section */
		0BE9C2AD2B3C842F00B1395D /* PBXTargetDependency */ = {
			isa = PBXTargetDependency;
			target = 0BE9C2982B3C842C00B1395D /* DigitalesWeb */;
			targetProxy = 0BE9C2AC2B3C842F00B1395D /* PBXContainerItemProxy */;
		};
		0BE9C2B72B3C842F00B1395D /* PBXTargetDependency */ = {
			isa = PBXTargetDependency;
			target = 0BE9C2982B3C842C00B1395D /* DigitalesWeb */;
			targetProxy = 0BE9C2B62B3C842F00B1395D /* PBXContainerItemProxy */;
		};
/* End PBXTargetDependency section */

/* Begin XCBuildConfiguration section */
		0BE9C2BD2B3C842F00B1395D /* Debug */ = {
			isa = XCBuildConfiguration;
			buildSettings = {
				ALWAYS_SEARCH_USER_PATHS = NO;
				ASSETCATALOG_COMPILER_GENERATE_SWIFT_ASSET_SYMBOL_EXTENSIONS = YES;
				CLANG_ANALYZER_NONNULL = YES;
				CLANG_ANALYZER_NUMBER_OBJECT_CONVERSION = YES_AGGRESSIVE;
				CLANG_CXX_LANGUAGE_STANDARD = "gnu++20";
				CLANG_ENABLE_MODULES = YES;
				CLANG_ENABLE_OBJC_ARC = YES;
				CLANG_ENABLE_OBJC_WEAK = YES;
				CLANG_WARN_BLOCK_CAPTURE_AUTORELEASING = YES;
				CLANG_WARN_BOOL_CONVERSION = YES;
				CLANG_WARN_COMMA = YES;
				CLANG_WARN_CONSTANT_CONVERSION = YES;
				CLANG_WARN_DEPRECATED_OBJC_IMPLEMENTATIONS = YES;
				CLANG_WARN_DIRECT_OBJC_ISA_USAGE = YES_ERROR;
				CLANG_WARN_DOCUMENTATION_COMMENTS = YES;
				CLANG_WARN_EMPTY_BODY = YES;
				CLANG_WARN_ENUM_CONVERSION = YES;
				CLANG_WARN_INFINITE_RECURSION = YES;
				CLANG_WARN_INT_CONVERSION = YES;
				CLANG_WARN_NON_LITERAL_NULL_CONVERSION = YES;
				CLANG_WARN_OBJC_IMPLICIT_RETAIN_SELF = YES;
				CLANG_WARN_OBJC_LITERAL_CONVERSION = YES;
				CLANG_WARN_OBJC_ROOT_CLASS = YES_ERROR;
				CLANG_WARN_QUOTED_INCLUDE_IN_FRAMEWORK_HEADER = YES;
				CLANG_WARN_RANGE_LOOP_ANALYSIS = YES;
				CLANG_WARN_STRICT_PROTOTYPES = YES;
				CLANG_WARN_SUSPICIOUS_MOVE = YES;
				CLANG_WARN_UNGUARDED_AVAILABILITY = YES_AGGRESSIVE;
				CLANG_WARN_UNREACHABLE_CODE = YES;
				CLANG_WARN__DUPLICATE_METHOD_MATCH = YES;
				COPY_PHASE_STRIP = NO;
				DEBUG_INFORMATION_FORMAT = dwarf;
				ENABLE_STRICT_OBJC_MSGSEND = YES;
				ENABLE_TESTABILITY = YES;
				ENABLE_USER_SCRIPT_SANDBOXING = YES;
				GCC_C_LANGUAGE_STANDARD = gnu17;
				GCC_DYNAMIC_NO_PIC = NO;
				GCC_NO_COMMON_BLOCKS = YES;
				GCC_OPTIMIZATION_LEVEL = 0;
				GCC_PREPROCESSOR_DEFINITIONS = (
					"DEBUG=1",
					"$(inherited)",
				);
				GCC_WARN_64_TO_32_BIT_CONVERSION = YES;
				GCC_WARN_ABOUT_RETURN_TYPE = YES_ERROR;
				GCC_WARN_UNDECLARED_SELECTOR = YES;
				GCC_WARN_UNINITIALIZED_AUTOS = YES_AGGRESSIVE;
				GCC_WARN_UNUSED_FUNCTION = YES;
				GCC_WARN_UNUSED_VARIABLE = YES;
				IPHONEOS_DEPLOYMENT_TARGET = 17.2;
				LOCALIZATION_PREFERS_STRING_CATALOGS = YES;
				MTL_ENABLE_DEBUG_INFO = INCLUDE_SOURCE;
				MTL_FAST_MATH = YES;
				ONLY_ACTIVE_ARCH = YES;
				SDKROOT = iphoneos;
				SWIFT_ACTIVE_COMPILATION_CONDITIONS = "DEBUG $(inherited)";
				SWIFT_OPTIMIZATION_LEVEL = "-Onone";
			};
			name = Debug;
		};
		0BE9C2BE2B3C842F00B1395D /* Release */ = {
			isa = XCBuildConfiguration;
			buildSettings = {
				ALWAYS_SEARCH_USER_PATHS = NO;
				ASSETCATALOG_COMPILER_GENERATE_SWIFT_ASSET_SYMBOL_EXTENSIONS = YES;
				CLANG_ANALYZER_NONNULL = YES;
				CLANG_ANALYZER_NUMBER_OBJECT_CONVERSION = YES_AGGRESSIVE;
				CLANG_CXX_LANGUAGE_STANDARD = "gnu++20";
				CLANG_ENABLE_MODULES = YES;
				CLANG_ENABLE_OBJC_ARC = YES;
				CLANG_ENABLE_OBJC_WEAK = YES;
				CLANG_WARN_BLOCK_CAPTURE_AUTORELEASING = YES;
				CLANG_WARN_BOOL_CONVERSION = YES;
				CLANG_WARN_COMMA = YES;
				CLANG_WARN_CONSTANT_CONVERSION = YES;
				CLANG_WARN_DEPRECATED_OBJC_IMPLEMENTATIONS = YES;
				CLANG_WARN_DIRECT_OBJC_ISA_USAGE = YES_ERROR;
				CLANG_WARN_DOCUMENTATION_COMMENTS = YES;
				CLANG_WARN_EMPTY_BODY = YES;
				CLANG_WARN_ENUM_CONVERSION = YES;
				CLANG_WARN_INFINITE_RECURSION = YES;
				CLANG_WARN_INT_CONVERSION = YES;
				CLANG_WARN_NON_LITERAL_NULL_CONVERSION = YES;
				CLANG_WARN_OBJC_IMPLICIT_RETAIN_SELF = YES;
				CLANG_WARN_OBJC_LITERAL_CONVERSION = YES;
				CLANG_WARN_OBJC_ROOT_CLASS = YES_ERROR;
				CLANG_WARN_QUOTED_INCLUDE_IN_FRAMEWORK_HEADER = YES;
				CLANG_WARN_RANGE_LOOP_ANALYSIS = YES;
				CLANG_WARN_STRICT_PROTOTYPES = YES;
				CLANG_WARN_SUSPICIOUS_MOVE = YES;
				CLANG_WARN_UNGUARDED_AVAILABILITY = YES_AGGRESSIVE;
				CLANG_WARN_UNREACHABLE_CODE = YES;
				CLANG_WARN__DUPLICATE_METHOD_MATCH = YES;
				COPY_PHASE_STRIP = NO;
				DEBUG_INFORMATION_FORMAT = "dwarf-with-dsym";
				ENABLE_NS_ASSERTIONS = NO;
				ENABLE_STRICT_OBJC_MSGSEND = YES;
				ENABLE_USER_SCRIPT_SANDBOXING = YES;
				GCC_C_LANGUAGE_STANDARD = gnu17;
				GCC_NO_COMMON_BLOCKS = YES;
				GCC_WARN_64_TO_32_BIT_CONVERSION = YES;
				GCC_WARN_ABOUT_RETURN_TYPE = YES_ERROR;
				GCC_WARN_UNDECLARED_SELECTOR = YES;
				GCC_WARN_UNINITIALIZED_AUTOS = YES_AGGRESSIVE;
				GCC_WARN_UNUSED_FUNCTION = YES;
				GCC_WARN_UNUSED_VARIABLE = YES;
				IPHONEOS_DEPLOYMENT_TARGET = 17.2;
				LOCALIZATION_PREFERS_STRING_CATALOGS = YES;
				MTL_ENABLE_DEBUG_INFO = NO;
				MTL_FAST_MATH = YES;
				SDKROOT = iphoneos;
				SWIFT_COMPILATION_MODE = wholemodule;
				VALIDATE_PRODUCT = YES;
			};
			name = Release;
		};
		0BE9C2C02B3C842F00B1395D /* Debug */ = {
			isa = XCBuildConfiguration;
			buildSettings = {
				ASSETCATALOG_COMPILER_APPICON_NAME = AppIcon;
				ASSETCATALOG_COMPILER_GLOBAL_ACCENT_COLOR_NAME = AccentColor;
				CODE_SIGN_STYLE = Automatic;
				CURRENT_PROJECT_VERSION = 1;
				DEVELOPMENT_ASSET_PATHS = "\"DigitalesWeb/Preview Content\"";
				DEVELOPMENT_TEAM = QMR882458Y;
				ENABLE_PREVIEWS = YES;
				GENERATE_INFOPLIST_FILE = YES;
				INFOPLIST_KEY_UIApplicationSceneManifest_Generation = YES;
				INFOPLIST_KEY_UIApplicationSupportsIndirectInputEvents = YES;
				INFOPLIST_KEY_UILaunchScreen_Generation = YES;
				INFOPLIST_KEY_UISupportedInterfaceOrientations_iPad = "UIInterfaceOrientationPortrait UIInterfaceOrientationPortraitUpsideDown UIInterfaceOrientationLandscapeLeft UIInterfaceOrientationLandscapeRight";
				INFOPLIST_KEY_UISupportedInterfaceOrientations_iPhone = "UIInterfaceOrientationPortrait UIInterfaceOrientationLandscapeLeft UIInterfaceOrientationLandscapeRight";
				LD_RUNPATH_SEARCH_PATHS = (
					"$(inherited)",
					"@executable_path/Frameworks",
				);
				MARKETING_VERSION = 1.0;
				PRODUCT_BUNDLE_IDENTIFIER = digitalesweb.com.DigitalesWeb;
				PRODUCT_NAME = "$(TARGET_NAME)";
				SWIFT_EMIT_LOC_STRINGS = YES;
				SWIFT_VERSION = 5.0;
				TARGETED_DEVICE_FAMILY = "1,2";
			};
			name = Debug;
		};
		0BE9C2C12B3C842F00B1395D /* Release */ = {
			isa = XCBuildConfiguration;
			buildSettings = {
				ASSETCATALOG_COMPILER_APPICON_NAME = AppIcon;
				ASSETCATALOG_COMPILER_GLOBAL_ACCENT_COLOR_NAME = AccentColor;
				CODE_SIGN_STYLE = Automatic;
				CURRENT_PROJECT_VERSION = 1;
				DEVELOPMENT_ASSET_PATHS = "\"DigitalesWeb/Preview Content\"";
				DEVELOPMENT_TEAM = QMR882458Y;
				ENABLE_PREVIEWS = YES;
				GENERATE_INFOPLIST_FILE = YES;
				INFOPLIST_KEY_UIApplicationSceneManifest_Generation = YES;
				INFOPLIST_KEY_UIApplicationSupportsIndirectInputEvents = YES;
				INFOPLIST_KEY_UILaunchScreen_Generation = YES;
				INFOPLIST_KEY_UISupportedInterfaceOrientations_iPad = "UIInterfaceOrientationPortrait UIInterfaceOrientationPortraitUpsideDown UIInterfaceOrientationLandscapeLeft UIInterfaceOrientationLandscapeRight";
				INFOPLIST_KEY_UISupportedInterfaceOrientations_iPhone = "UIInterfaceOrientationPortrait UIInterfaceOrientationLandscapeLeft UIInterfaceOrientationLandscapeRight";
				LD_RUNPATH_SEARCH_PATHS = (
					"$(inherited)",
					"@executable_path/Frameworks",
				);
				MARKETING_VERSION = 1.0;
				PRODUCT_BUNDLE_IDENTIFIER = digitalesweb.com.DigitalesWeb;
				PRODUCT_NAME = "$(TARGET_NAME)";
				SWIFT_EMIT_LOC_STRINGS = YES;
				SWIFT_VERSION = 5.0;
				TARGETED_DEVICE_FAMILY = "1,2";
			};
			name = Release;
		};
		0BE9C2C32B3C842F00B1395D /* Debug */ = {
			isa = XCBuildConfiguration;
			buildSettings = {
				ALWAYS_EMBED_SWIFT_STANDARD_LIBRARIES = YES;
				BUNDLE_LOADER = "$(TEST_HOST)";
				CODE_SIGN_STYLE = Automatic;
				CURRENT_PROJECT_VERSION = 1;
				DEVELOPMENT_TEAM = QMR882458Y;
				GENERATE_INFOPLIST_FILE = YES;
				IPHONEOS_DEPLOYMENT_TARGET = 17.2;
				MARKETING_VERSION = 1.0;
				PRODUCT_BUNDLE_IDENTIFIER = digitalesweb.com.DigitalesWebTests;
				PRODUCT_NAME = "$(TARGET_NAME)";
				SWIFT_EMIT_LOC_STRINGS = NO;
				SWIFT_VERSION = 5.0;
				TARGETED_DEVICE_FAMILY = "1,2";
				TEST_HOST = "$(BUILT_PRODUCTS_DIR)/DigitalesWeb.app/$(BUNDLE_EXECUTABLE_FOLDER_PATH)/DigitalesWeb";
			};
			name = Debug;
		};
		0BE9C2C42B3C842F00B1395D /* Release */ = {
			isa = XCBuildConfiguration;
			buildSettings = {
				ALWAYS_EMBED_SWIFT_STANDARD_LIBRARIES = YES;
				BUNDLE_LOADER = "$(TEST_HOST)";
				CODE_SIGN_STYLE = Automatic;
				CURRENT_PROJECT_VERSION = 1;
				DEVELOPMENT_TEAM = QMR882458Y;
				GENERATE_INFOPLIST_FILE = YES;
				IPHONEOS_DEPLOYMENT_TARGET = 17.2;
				MARKETING_VERSION = 1.0;
				PRODUCT_BUNDLE_IDENTIFIER = digitalesweb.com.DigitalesWebTests;
				PRODUCT_NAME = "$(TARGET_NAME)";
				SWIFT_EMIT_LOC_STRINGS = NO;
				SWIFT_VERSION = 5.0;
				TARGETED_DEVICE_FAMILY = "1,2";
				TEST_HOST = "$(BUILT_PRODUCTS_DIR)/DigitalesWeb.app/$(BUNDLE_EXECUTABLE_FOLDER_PATH)/DigitalesWeb";
			};
			name = Release;
		};
		0BE9C2C62B3C842F00B1395D /* Debug */ = {
			isa = XCBuildConfiguration;
			buildSettings = {
				ALWAYS_EMBED_SWIFT_STANDARD_LIBRARIES = YES;
				CODE_SIGN_STYLE = Automatic;
				CURRENT_PROJECT_VERSION = 1;
				DEVELOPMENT_TEAM = QMR882458Y;
				GENERATE_INFOPLIST_FILE = YES;
				MARKETING_VERSION = 1.0;
				PRODUCT_BUNDLE_IDENTIFIER = digitalesweb.com.DigitalesWebUITests;
				PRODUCT_NAME = "$(TARGET_NAME)";
				SWIFT_EMIT_LOC_STRINGS = NO;
				SWIFT_VERSION = 5.0;
				TARGETED_DEVICE_FAMILY = "1,2";
				TEST_TARGET_NAME = DigitalesWeb;
			};
			name = Debug;
		};
		0BE9C2C72B3C842F00B1395D /* Release */ = {
			isa = XCBuildConfiguration;
			buildSettings = {
				ALWAYS_EMBED_SWIFT_STANDARD_LIBRARIES = YES;
				CODE_SIGN_STYLE = Automatic;
				CURRENT_PROJECT_VERSION = 1;
				DEVELOPMENT_TEAM = QMR882458Y;
				GENERATE_INFOPLIST_FILE = YES;
				MARKETING_VERSION = 1.0;
				PRODUCT_BUNDLE_IDENTIFIER = digitalesweb.com.DigitalesWebUITests;
				PRODUCT_NAME = "$(TARGET_NAME)";
				SWIFT_EMIT_LOC_STRINGS = NO;
				SWIFT_VERSION = 5.0;
				TARGETED_DEVICE_FAMILY = "1,2";
				TEST_TARGET_NAME = DigitalesWeb;
			};
			name = Release;
		};
/* End XCBuildConfiguration section */

/* Begin XCConfigurationList section */
		0BE9C2942B3C842C00B1395D /* Build configuration list for PBXProject "DigitalesWeb" */ = {
			isa = XCConfigurationList;
			buildConfigurations = (
				0BE9C2BD2B3C842F00B1395D /* Debug */,
				0BE9C2BE2B3C842F00B1395D /* Release */,
			);
			defaultConfigurationIsVisible = 0;
			defaultConfigurationName = Release;
		};
		0BE9C2BF2B3C842F00B1395D /* Build configuration list for PBXNativeTarget "DigitalesWeb" */ = {
			isa = XCConfigurationList;
			buildConfigurations = (
				0BE9C2C02B3C842F00B1395D /* Debug */,
				0BE9C2C12B3C842F00B1395D /* Release */,
			);
			defaultConfigurationIsVisible = 0;
			defaultConfigurationName = Release;
		};
		0BE9C2C22B3C842F00B1395D /* Build configuration list for PBXNativeTarget "DigitalesWebTests" */ = {
			isa = XCConfigurationList;
			buildConfigurations = (
				0BE9C2C32B3C842F00B1395D /* Debug */,
				0BE9C2C42B3C842F00B1395D /* Release */,
			);
			defaultConfigurationIsVisible = 0;
			defaultConfigurationName = Release;
		};
		0BE9C2C52B3C842F00B1395D /* Build configuration list for PBXNativeTarget "DigitalesWebUITests" */ = {
			isa = XCConfigurationList;
			buildConfigurations = (
				0BE9C2C62B3C842F00B1395D /* Debug */,
				0BE9C2C72B3C842F00B1395D /* Release */,
			);
			defaultConfigurationIsVisible = 0;
			defaultConfigurationName = Release;
		};
/* End XCConfigurationList section */
	};
	rootObject = 0BE9C2912B3C842C00B1395D /* Project object */;
}
